
Microsoft Visual Studio Solution File, Format Version 12.00
# Visual Studio Version 16
VisualStudioVersion = 16.0.30204.135
MinimumVisualStudioVersion = 10.0.40219.1
Project("{FAE04EC0-301F-11D3-BF4B-00C04F79EFBC}") = "WpfNotepad", "WpfNotepad\WpfNotepad.csproj", "{2BB5FF1F-888A-4A18-A5F1-6213DD8E9E32}"
EndProject
Global
	GlobalSection(SolutionConfigurationPlatforms) = preSolution
		Debug|Any CPU = Debug|Any CPU
		Release|Any CPU = Release|Any CPU
	EndGlobalSection
	GlobalSection(ProjectConfigurationPlatforms) = postSolution
		{2BB5FF1F-888A-4A18-A5F1-6213DD8E9E32}.Debug|Any CPU.ActiveCfg = Debug|Any CPU
		{2BB5FF1F-888A-4A18-A5F1-6213DD8E9E32}.Debug|Any CPU.Build.0 = Debug|Any CPU
		{2BB5FF1F-888A-4A18-A5F1-6213DD8E9E32}.Release|Any CPU.ActiveCfg = Release|Any CPU
		{2BB5FF1F-888A-4A18-A5F1-6213DD8E9E32}.Release|Any CPU.Build.0 = Release|Any CPU
	EndGlobalSection
	GlobalSection(SolutionProperties) = preSolution
		HideSolutionNode = FALSE
	EndGlobalSection
	GlobalSection(ExtensibilityGlobals) = postSolution
		SolutionGuid = {0B944967-76CE-4943-8165-F3EDDEB1B585}
	EndGlobalSection
EndGlobal
